// !$*UTF8*$!
{
	archiveVersion = 1;
	classes = {
	};
	objectVersion = 56;
	objects = {

/* Begin PBXBuildFile section */
		1F5C2B532ACDAFBD00A6C463 /* NamePage.swift in Sources */ = {isa = PBXBuildFile; fileRef = 1F5C2B522ACDAFBD00A6C463 /* NamePage.swift */; };
		2226E0312ACB0A2B006E9105 /* ClassConnectAppApp.swift in Sources */ = {isa = PBXBuildFile; fileRef = 2226E0302ACB0A2B006E9105 /* ClassConnectAppApp.swift */; };
		2226E0332ACB0A2B006E9105 /* MainPage.swift in Sources */ = {isa = PBXBuildFile; fileRef = 2226E0322ACB0A2B006E9105 /* MainPage.swift */; };
		2226E0352ACB0A2C006E9105 /* Assets.xcassets in Resources */ = {isa = PBXBuildFile; fileRef = 2226E0342ACB0A2C006E9105 /* Assets.xcassets */; };
		2226E0382ACB0A2C006E9105 /* Preview Assets.xcassets in Resources */ = {isa = PBXBuildFile; fileRef = 2226E0372ACB0A2C006E9105 /* Preview Assets.xcassets */; };
		2250F2BF2AE1740A00DDFEE7 /* ProfilePage.swift in Sources */ = {isa = PBXBuildFile; fileRef = 2250F2BE2AE1740A00DDFEE7 /* ProfilePage.swift */; };
		22C2F62D2AD98263001F9ABF /* test.swift in Sources */ = {isa = PBXBuildFile; fileRef = 22C2F62C2AD98263001F9ABF /* test.swift */; };
		22C2F6312ADECB27001F9ABF /* AddClassPage.swift in Sources */ = {isa = PBXBuildFile; fileRef = 22C2F6302ADECB27001F9ABF /* AddClassPage.swift */; };
/* End PBXBuildFile section */

/* Begin PBXFileReference section */
		1F5C2B522ACDAFBD00A6C463 /* NamePage.swift */ = {isa = PBXFileReference; lastKnownFileType = sourcecode.swift; path = NamePage.swift; sourceTree = "<group>"; };
		2226E02D2ACB0A2B006E9105 /* ClassConnectApp.app */ = {isa = PBXFileReference; explicitFileType = wrapper.application; includeInIndex = 0; path = ClassConnectApp.app; sourceTree = BUILT_PRODUCTS_DIR; };
		2226E0302ACB0A2B006E9105 /* ClassConnectAppApp.swift */ = {isa = PBXFileReference; lastKnownFileType = sourcecode.swift; path = ClassConnectAppApp.swift; sourceTree = "<group>"; };
		2226E0322ACB0A2B006E9105 /* MainPage.swift */ = {isa = PBXFileReference; lastKnownFileType = sourcecode.swift; path = MainPage.swift; sourceTree = "<group>"; };
		2226E0342ACB0A2C006E9105 /* Assets.xcassets */ = {isa = PBXFileReference; lastKnownFileType = folder.assetcatalog; path = Assets.xcassets; sourceTree = "<group>"; };
		2226E0372ACB0A2C006E9105 /* Preview Assets.xcassets */ = {isa = PBXFileReference; lastKnownFileType = folder.assetcatalog; path = "Preview Assets.xcassets"; sourceTree = "<group>"; };
		2250F2BE2AE1740A00DDFEE7 /* ProfilePage.swift */ = {isa = PBXFileReference; lastKnownFileType = sourcecode.swift; path = ProfilePage.swift; sourceTree = "<group>"; };
		22C2F62C2AD98263001F9ABF /* test.swift */ = {isa = PBXFileReference; lastKnownFileType = sourcecode.swift; path = test.swift; sourceTree = "<group>"; };
		22C2F6302ADECB27001F9ABF /* AddClassPage.swift */ = {isa = PBXFileReference; lastKnownFileType = sourcecode.swift; path = AddClassPage.swift; sourceTree = "<group>"; };
/* End PBXFileReference section */

/* Begin PBXFrameworksBuildPhase section */
		2226E02A2ACB0A2B006E9105 /* Frameworks */ = {
			isa = PBXFrameworksBuildPhase;
			buildActionMask = 2147483647;
			files = (
			);
			runOnlyForDeploymentPostprocessing = 0;
		};
/* End PBXFrameworksBuildPhase section */

/* Begin PBXGroup section */
		2226E0242ACB0A2B006E9105 = {
			isa = PBXGroup;
			children = (
				2226E02F2ACB0A2B006E9105 /* ClassConnectApp */,
				2226E02E2ACB0A2B006E9105 /* Products */,
			);
			sourceTree = "<group>";
		};
		2226E02E2ACB0A2B006E9105 /* Products */ = {
			isa = PBXGroup;
			children = (
				2226E02D2ACB0A2B006E9105 /* ClassConnectApp.app */,
			);
			name = Products;
			sourceTree = "<group>";
		};
		2226E02F2ACB0A2B006E9105 /* ClassConnectApp */ = {
			isa = PBXGroup;
			children = (
				2226E0302ACB0A2B006E9105 /* ClassConnectAppApp.swift */,
				2250F2BE2AE1740A00DDFEE7 /* ProfilePage.swift */,
				22C2F6302ADECB27001F9ABF /* AddClassPage.swift */,
				1F5C2B522ACDAFBD00A6C463 /* NamePage.swift */,
				2226E0322ACB0A2B006E9105 /* MainPage.swift */,
				22C2F62C2AD98263001F9ABF /* test.swift */,
				2226E0342ACB0A2C006E9105 /* Assets.xcassets */,
				2226E0362ACB0A2C006E9105 /* Preview Content */,
			);
			path = ClassConnectApp;
			sourceTree = "<group>";
		};
		2226E0362ACB0A2C006E9105 /* Preview Content */ = {
			isa = PBXGroup;
			children = (
				2226E0372ACB0A2C006E9105 /* Preview Assets.xcassets */,
			);
			path = "Preview Content";
			sourceTree = "<group>";
		};
/* End PBXGroup section */

/* Begin PBXNativeTarget section */
		2226E02C2ACB0A2B006E9105 /* ClassConnectApp */ = {
			isa = PBXNativeTarget;
			buildConfigurationList = 2226E03B2ACB0A2C006E9105 /* Build configuration list for PBXNativeTarget "ClassConnectApp" */;
			buildPhases = (
				2226E0292ACB0A2B006E9105 /* Sources */,
				2226E02A2ACB0A2B006E9105 /* Frameworks */,
				2226E02B2ACB0A2B006E9105 /* Resources */,
			);
			buildRules = (
			);
			dependencies = (
			);
			name = ClassConnectApp;
			productName = ClassConnectApp;
			productReference = 2226E02D2ACB0A2B006E9105 /* ClassConnectApp.app */;
			productType = "com.apple.product-type.application";
		};
/* End PBXNativeTarget section */

/* Begin PBXProject section */
		2226E0252ACB0A2B006E9105 /* Project object */ = {
			isa = PBXProject;
			attributes = {
				BuildIndependentTargetsInParallel = 1;
				LastSwiftUpdateCheck = 1400;
				LastUpgradeCheck = 1400;
				TargetAttributes = {
					2226E02C2ACB0A2B006E9105 = {
						CreatedOnToolsVersion = 14.0;
					};
				};
			};
			buildConfigurationList = 2226E0282ACB0A2B006E9105 /* Build configuration list for PBXProject "ClassConnectApp" */;
			compatibilityVersion = "Xcode 14.0";
			developmentRegion = en;
			hasScannedForEncodings = 0;
			knownRegions = (
				en,
				Base,
			);
			mainGroup = 2226E0242ACB0A2B006E9105;
			productRefGroup = 2226E02E2ACB0A2B006E9105 /* Products */;
			projectDirPath = "";
			projectRoot = "";
			targets = (
				2226E02C2ACB0A2B006E9105 /* ClassConnectApp */,
			);
		};
/* End PBXProject section */

/* Begin PBXResourcesBuildPhase section */
		2226E02B2ACB0A2B006E9105 /* Resources */ = {
			isa = PBXResourcesBuildPhase;
			buildActionMask = 2147483647;
			files = (
				2226E0382ACB0A2C006E9105 /* Preview Assets.xcassets in Resources */,
				2226E0352ACB0A2C006E9105 /* Assets.xcassets in Resources */,
			);
			runOnlyForDeploymentPostprocessing = 0;
		};
/* End PBXResourcesBuildPhase section */

/* Begin PBXSourcesBuildPhase section */
		2226E0292ACB0A2B006E9105 /* Sources */ = {
			isa = PBXSourcesBuildPhase;
			buildActionMask = 2147483647;
			files = (
				2250F2BF2AE1740A00DDFEE7 /* ProfilePage.swift in Sources */,
				2226E0332ACB0A2B006E9105 /* MainPage.swift in Sources */,
				22C2F62D2AD98263001F9ABF /* test.swift in Sources */,
				2226E0312ACB0A2B006E9105 /* ClassConnectAppApp.swift in Sources */,
				1F5C2B532ACDAFBD00A6C463 /* NamePage.swift in Sources */,
				22C2F6312ADECB27001F9ABF /* AddClassPage.swift in Sources */,
			);
			runOnlyForDeploymentPostprocessing = 0;
		};
/* End PBXSourcesBuildPhase section */

/* Begin XCBuildConfiguration section */
		2226E0392ACB0A2C006E9105 /* Debug */ = {
			isa = XCBuildConfiguration;
			buildSettings = {
				ALWAYS_SEARCH_USER_PATHS = NO;
				CLANG_ANALYZER_NONNULL = YES;
				CLANG_ANALYZER_NUMBER_OBJECT_CONVERSION = YES_AGGRESSIVE;
				CLANG_CXX_LANGUAGE_STANDARD = "gnu++20";
				CLANG_ENABLE_MODULES = YES;
				CLANG_ENABLE_OBJC_ARC = YES;
				CLANG_ENABLE_OBJC_WEAK = YES;
				CLANG_WARN_BLOCK_CAPTURE_AUTORELEASING = YES;
				CLANG_WARN_BOOL_CONVERSION = YES;
				CLANG_WARN_COMMA = YES;
				CLANG_WARN_CONSTANT_CONVERSION = YES;
				CLANG_WARN_DEPRECATED_OBJC_IMPLEMENTATIONS = YES;
				CLANG_WARN_DIRECT_OBJC_ISA_USAGE = YES_ERROR;
				CLANG_WARN_DOCUMENTATION_COMMENTS = YES;
				CLANG_WARN_EMPTY_BODY = YES;
				CLANG_WARN_ENUM_CONVERSION = YES;
				CLANG_WARN_INFINITE_RECURSION = YES;
				CLANG_WARN_INT_CONVERSION = YES;
				CLANG_WARN_NON_LITERAL_NULL_CONVERSION = YES;
				CLANG_WARN_OBJC_IMPLICIT_RETAIN_SELF = YES;
				CLANG_WARN_OBJC_LITERAL_CONVERSION = YES;
				CLANG_WARN_OBJC_ROOT_CLASS = YES_ERROR;
				CLANG_WARN_QUOTED_INCLUDE_IN_FRAMEWORK_HEADER = YES;
				CLANG_WARN_RANGE_LOOP_ANALYSIS = YES;
				CLANG_WARN_STRICT_PROTOTYPES = YES;
				CLANG_WARN_SUSPICIOUS_MOVE = YES;
				CLANG_WARN_UNGUARDED_AVAILABILITY = YES_AGGRESSIVE;
				CLANG_WARN_UNREACHABLE_CODE = YES;
				CLANG_WARN__DUPLICATE_METHOD_MATCH = YES;
				COPY_PHASE_STRIP = NO;
				DEBUG_INFORMATION_FORMAT = dwarf;
				ENABLE_STRICT_OBJC_MSGSEND = YES;
				ENABLE_TESTABILITY = YES;
				GCC_C_LANGUAGE_STANDARD = gnu11;
				GCC_DYNAMIC_NO_PIC = NO;
				GCC_NO_COMMON_BLOCKS = YES;
				GCC_OPTIMIZATION_LEVEL = 0;
				GCC_PREPROCESSOR_DEFINITIONS = (
					"DEBUG=1",
					"$(inherited)",
				);
				GCC_WARN_64_TO_32_BIT_CONVERSION = YES;
				GCC_WARN_ABOUT_RETURN_TYPE = YES_ERROR;
				GCC_WARN_UNDECLARED_SELECTOR = YES;
				GCC_WARN_UNINITIALIZED_AUTOS = YES_AGGRESSIVE;
				GCC_WARN_UNUSED_FUNCTION = YES;
				GCC_WARN_UNUSED_VARIABLE = YES;
				IPHONEOS_DEPLOYMENT_TARGET = 16.0;
				MTL_ENABLE_DEBUG_INFO = INCLUDE_SOURCE;
				MTL_FAST_MATH = YES;
				ONLY_ACTIVE_ARCH = YES;
				SDKROOT = iphoneos;
				SWIFT_ACTIVE_COMPILATION_CONDITIONS = DEBUG;
				SWIFT_OPTIMIZATION_LEVEL = "-Onone";
			};
			name = Debug;
		};
		2226E03A2ACB0A2C006E9105 /* Release */ = {
			isa = XCBuildConfiguration;
			buildSettings = {
				ALWAYS_SEARCH_USER_PATHS = NO;
				CLANG_ANALYZER_NONNULL = YES;
				CLANG_ANALYZER_NUMBER_OBJECT_CONVERSION = YES_AGGRESSIVE;
				CLANG_CXX_LANGUAGE_STANDARD = "gnu++20";
				CLANG_ENABLE_MODULES = YES;
				CLANG_ENABLE_OBJC_ARC = YES;
				CLANG_ENABLE_OBJC_WEAK = YES;
				CLANG_WARN_BLOCK_CAPTURE_AUTORELEASING = YES;
				CLANG_WARN_BOOL_CONVERSION = YES;
				CLANG_WARN_COMMA = YES;
				CLANG_WARN_CONSTANT_CONVERSION = YES;
				CLANG_WARN_DEPRECATED_OBJC_IMPLEMENTATIONS = YES;
				CLANG_WARN_DIRECT_OBJC_ISA_USAGE = YES_ERROR;
				CLANG_WARN_DOCUMENTATION_COMMENTS = YES;
				CLANG_WARN_EMPTY_BODY = YES;
				CLANG_WARN_ENUM_CONVERSION = YES;
				CLANG_WARN_INFINITE_RECURSION = YES;
				CLANG_WARN_INT_CONVERSION = YES;
				CLANG_WARN_NON_LITERAL_NULL_CONVERSION = YES;
				CLANG_WARN_OBJC_IMPLICIT_RETAIN_SELF = YES;
				CLANG_WARN_OBJC_LITERAL_CONVERSION = YES;
				CLANG_WARN_OBJC_ROOT_CLASS = YES_ERROR;
				CLANG_WARN_QUOTED_INCLUDE_IN_FRAMEWORK_HEADER = YES;
				CLANG_WARN_RANGE_LOOP_ANALYSIS = YES;
				CLANG_WARN_STRICT_PROTOTYPES = YES;
				CLANG_WARN_SUSPICIOUS_MOVE = YES;
				CLANG_WARN_UNGUARDED_AVAILABILITY = YES_AGGRESSIVE;
				CLANG_WARN_UNREACHABLE_CODE = YES;
				CLANG_WARN__DUPLICATE_METHOD_MATCH = YES;
				COPY_PHASE_STRIP = NO;
				DEBUG_INFORMATION_FORMAT = "dwarf-with-dsym";
				ENABLE_NS_ASSERTIONS = NO;
				ENABLE_STRICT_OBJC_MSGSEND = YES;
				GCC_C_LANGUAGE_STANDARD = gnu11;
				GCC_NO_COMMON_BLOCKS = YES;
				GCC_WARN_64_TO_32_BIT_CONVERSION = YES;
				GCC_WARN_ABOUT_RETURN_TYPE = YES_ERROR;
				GCC_WARN_UNDECLARED_SELECTOR = YES;
				GCC_WARN_UNINITIALIZED_AUTOS = YES_AGGRESSIVE;
				GCC_WARN_UNUSED_FUNCTION = YES;
				GCC_WARN_UNUSED_VARIABLE = YES;
				IPHONEOS_DEPLOYMENT_TARGET = 16.0;
				MTL_ENABLE_DEBUG_INFO = NO;
				MTL_FAST_MATH = YES;
				SDKROOT = iphoneos;
				SWIFT_COMPILATION_MODE = wholemodule;
				SWIFT_OPTIMIZATION_LEVEL = "-O";
				VALIDATE_PRODUCT = YES;
			};
			name = Release;
		};
		2226E03C2ACB0A2C006E9105 /* Debug */ = {
			isa = XCBuildConfiguration;
			buildSettings = {
				ASSETCATALOG_COMPILER_APPICON_NAME = AppIcon;
				ASSETCATALOG_COMPILER_GLOBAL_ACCENT_COLOR_NAME = AccentColor;
				CODE_SIGN_STYLE = Automatic;
				CURRENT_PROJECT_VERSION = 1;
				DEVELOPMENT_ASSET_PATHS = "\"ClassConnectApp/Preview Content\"";
				DEVELOPMENT_TEAM = 28TTQAQH5M;
				ENABLE_PREVIEWS = YES;
				GENERATE_INFOPLIST_FILE = YES;
				INFOPLIST_KEY_UIApplicationSceneManifest_Generation = YES;
				INFOPLIST_KEY_UIApplicationSupportsIndirectInputEvents = YES;
				INFOPLIST_KEY_UILaunchScreen_Generation = YES;
				INFOPLIST_KEY_UISupportedInterfaceOrientations_iPad = "UIInterfaceOrientationPortrait UIInterfaceOrientationPortraitUpsideDown UIInterfaceOrientationLandscapeLeft UIInterfaceOrientationLandscapeRight";
				INFOPLIST_KEY_UISupportedInterfaceOrientations_iPhone = "UIInterfaceOrientationPortrait UIInterfaceOrientationLandscapeLeft UIInterfaceOrientationLandscapeRight";
				LD_RUNPATH_SEARCH_PATHS = (
					"$(inherited)",
					"@executable_path/Frameworks",
				);
				MARKETING_VERSION = 1.0;
				PRODUCT_BUNDLE_IDENTIFIER = exmaple.ClassConnectApp;
				PRODUCT_NAME = "$(TARGET_NAME)";
				SWIFT_EMIT_LOC_STRINGS = YES;
				SWIFT_VERSION = 5.0;
				TARGETED_DEVICE_FAMILY = "1,2";
			};
			name = Debug;
		};
		2226E03D2ACB0A2C006E9105 /* Release */ = {
			isa = XCBuildConfiguration;
			buildSettings = {
				ASSETCATALOG_COMPILER_APPICON_NAME = AppIcon;
				ASSETCATALOG_COMPILER_GLOBAL_ACCENT_COLOR_NAME = AccentColor;
				CODE_SIGN_STYLE = Automatic;
				CURRENT_PROJECT_VERSION = 1;
				DEVELOPMENT_ASSET_PATHS = "\"ClassConnectApp/Preview Content\"";
				DEVELOPMENT_TEAM = 28TTQAQH5M;
				ENABLE_PREVIEWS = YES;
				GENERATE_INFOPLIST_FILE = YES;
				INFOPLIST_KEY_UIApplicationSceneManifest_Generation = YES;
				INFOPLIST_KEY_UIApplicationSupportsIndirectInputEvents = YES;
				INFOPLIST_KEY_UILaunchScreen_Generation = YES;
				INFOPLIST_KEY_UISupportedInterfaceOrientations_iPad = "UIInterfaceOrientationPortrait UIInterfaceOrientationPortraitUpsideDown UIInterfaceOrientationLandscapeLeft UIInterfaceOrientationLandscapeRight";
				INFOPLIST_KEY_UISupportedInterfaceOrientations_iPhone = "UIInterfaceOrientationPortrait UIInterfaceOrientationLandscapeLeft UIInterfaceOrientationLandscapeRight";
				LD_RUNPATH_SEARCH_PATHS = (
					"$(inherited)",
					"@executable_path/Frameworks",
				);
				MARKETING_VERSION = 1.0;
				PRODUCT_BUNDLE_IDENTIFIER = exmaple.ClassConnectApp;
				PRODUCT_NAME = "$(TARGET_NAME)";
				SWIFT_EMIT_LOC_STRINGS = YES;
				SWIFT_VERSION = 5.0;
				TARGETED_DEVICE_FAMILY = "1,2";
			};
			name = Release;
		};
/* End XCBuildConfiguration section */

/* Begin XCConfigurationList section */
		2226E0282ACB0A2B006E9105 /* Build configuration list for PBXProject "ClassConnectApp" */ = {
			isa = XCConfigurationList;
			buildConfigurations = (
				2226E0392ACB0A2C006E9105 /* Debug */,
				2226E03A2ACB0A2C006E9105 /* Release */,
			);
			defaultConfigurationIsVisible = 0;
			defaultConfigurationName = Release;
		};
		2226E03B2ACB0A2C006E9105 /* Build configuration list for PBXNativeTarget "ClassConnectApp" */ = {
			isa = XCConfigurationList;
			buildConfigurations = (
				2226E03C2ACB0A2C006E9105 /* Debug */,
				2226E03D2ACB0A2C006E9105 /* Release */,
			);
			defaultConfigurationIsVisible = 0;
			defaultConfigurationName = Release;
		};
/* End XCConfigurationList section */
	};
	rootObject = 2226E0252ACB0A2B006E9105 /* Project object */;
}
